Microsoft Visual Studio Solution File, Format Version 12.00
# Visual Studio 2012
Project("{FAE04EC0-301F-11D3-BF4B-00C04F79EFBC}") = "Planets-godot", "Planets-godot.csproj", "{A672E2AF-CF0C-452B-8CFA-C7CBF18DCBD2}"
EndProject
Global
	GlobalSection(SolutionConfigurationPlatforms) = preSolution
	Debug|Any CPU = Debug|Any CPU
	ExportDebug|Any CPU = ExportDebug|Any CPU
	ExportRelease|Any CPU = ExportRelease|Any CPU
	EndGlobalSection
	GlobalSection(ProjectConfigurationPlatforms) = postSolution
		{A672E2AF-CF0C-452B-8CFA-C7CBF18DCBD2}.Debug|Any CPU.ActiveCfg = Debug|Any CPU
		{A672E2AF-CF0C-452B-8CFA-C7CBF18DCBD2}.Debug|Any CPU.Build.0 = Debug|Any CPU
		{A672E2AF-CF0C-452B-8CFA-C7CBF18DCBD2}.ExportDebug|Any CPU.ActiveCfg = ExportDebug|Any CPU
		{A672E2AF-CF0C-452B-8CFA-C7CBF18DCBD2}.ExportDebug|Any CPU.Build.0 = ExportDebug|Any CPU
		{A672E2AF-CF0C-452B-8CFA-C7CBF18DCBD2}.ExportRelease|Any CPU.ActiveCfg = ExportRelease|Any CPU
		{A672E2AF-CF0C-452B-8CFA-C7CBF18DCBD2}.ExportRelease|Any CPU.Build.0 = ExportRelease|Any CPU
	EndGlobalSection
EndGlobal
